
Microsoft Visual Studio Solution File, Format Version 12.00
# Visual Studio Version 16
VisualStudioVersion = 16.0.30517.126
MinimumVisualStudioVersion = 10.0.40219.1
Project("{FAE04EC0-301F-11D3-BF4B-00C04F79EFBC}") = "HelloWorld", "HelloWorld\HelloWorld.csproj", "{60C469CD-C056-46E3-9767-FA4FF9124D5F}"
EndProject
Global
	GlobalSection(SolutionConfigurationPlatforms) = preSolution
		Debug|Any CPU = Debug|Any CPU
		Release|Any CPU = Release|Any CPU
	EndGlobalSection
	GlobalSection(ProjectConfigurationPlatforms) = postSolution
		{60C469CD-C056-46E3-9767-FA4FF9124D5F}.Debug|Any CPU.ActiveCfg = Debug|Any CPU
		{60C469CD-C056-46E3-9767-FA4FF9124D5F}.Debug|Any CPU.Build.0 = Debug|Any CPU
		{60C469CD-C056-46E3-9767-FA4FF9124D5F}.Release|Any CPU.ActiveCfg = Release|Any CPU
		{60C469CD-C056-46E3-9767-FA4FF9124D5F}.Release|Any CPU.Build.0 = Release|Any CPU
	EndGlobalSection
	GlobalSection(SolutionProperties) = preSolution
		HideSolutionNode = FALSE
	EndGlobalSection
	GlobalSection(ExtensibilityGlobals) = postSolution
		SolutionGuid = {97A881FA-4A3C-41AB-9F34-4DD1A3212B38}
	EndGlobalSection
EndGlobal
